
Microsoft Visual Studio Solution File, Format Version 12.00
# Visual Studio Version 17
VisualStudioVersion = 17.3.32929.385
MinimumVisualStudioVersion = 10.0.40219.1
Project("{9A19103F-16F7-4668-BE54-9A1E7A4F7556}") = "Warehouse.Api", "Warehouse.Api\Warehouse.Api.csproj", "{FFFC561D-9E8F-4E41-9F2B-E9117ABEE945}"
EndProject
Project("{9A19103F-16F7-4668-BE54-9A1E7A4F7556}") = "Warehouse.Domain", "Warehouse.Domain\Warehouse.Domain.csproj", "{C3D2BDED-F1DB-4D47-9A8D-92437DD9E2D6}"
EndProject
Project("{9A19103F-16F7-4668-BE54-9A1E7A4F7556}") = "Warehouse.Application", "Warehouse.Application\Warehouse.Application.csproj", "{0C95E668-BFF4-4D59-9ED6-167D288D7154}"
EndProject
Project("{9A19103F-16F7-4668-BE54-9A1E7A4F7556}") = "Warehouse.Infrastructure", "Warehouse.Infrastracture\Warehouse.Infrastructure.csproj", "{0ADEA798-BB54-4121-B30B-1DDEBE6E2C73}"
EndProject
Project("{9A19103F-16F7-4668-BE54-9A1E7A4F7556}") = "Warehouse.Application.Abstractions", "Warehouse.Application.Abstractions\Warehouse.Application.Abstractions.csproj", "{E64D40D3-E0D5-4016-9C57-8F7DEC36B84E}"
EndProject
Project("{9A19103F-16F7-4668-BE54-9A1E7A4F7556}") = "Warehouse.Domain.Abstraction", "Warehouse.Domain.Abstraction\Warehouse.Domain.Abstraction.csproj", "{F9589C4A-67E9-4E8C-B2C0-3F87DBD837A3}"
EndProject
Project("{9A19103F-16F7-4668-BE54-9A1E7A4F7556}") = "Warehouse.Primitives.CQRS", "Warehouse.Primitives.CQRS\Warehouse.Primitives.CQRS.csproj", "{6EFC7EB3-F158-4FCF-A770-F5F9972F374F}"
EndProject
Project("{FAE04EC0-301F-11D3-BF4B-00C04F79EFBC}") = "Warehouse.Domain.ReadModels", "Warehouse.Domain.ReadModels\Warehouse.Domain.ReadModels.csproj", "{F5A069CF-32B1-4C2F-809F-A4919ADC8C66}"
EndProject
Project("{FAE04EC0-301F-11D3-BF4B-00C04F79EFBC}") = "Warehouse.Application.Readmodels", "Warehouse.Application.Readmodels\Warehouse.Application.Readmodels.csproj", "{55C82107-F67B-4FBB-8241-031DFBE91C7F}"
EndProject
Global
	GlobalSection(SolutionConfigurationPlatforms) = preSolution
		Debug|Any CPU = Debug|Any CPU
		Release|Any CPU = Release|Any CPU
	EndGlobalSection
	GlobalSection(ProjectConfigurationPlatforms) = postSolution
		{FFFC561D-9E8F-4E41-9F2B-E9117ABEE945}.Debug|Any CPU.ActiveCfg = Debug|Any CPU
		{FFFC561D-9E8F-4E41-9F2B-E9117ABEE945}.Debug|Any CPU.Build.0 = Debug|Any CPU
		{FFFC561D-9E8F-4E41-9F2B-E9117ABEE945}.Release|Any CPU.ActiveCfg = Release|Any CPU
		{FFFC561D-9E8F-4E41-9F2B-E9117ABEE945}.Release|Any CPU.Build.0 = Release|Any CPU
		{C3D2BDED-F1DB-4D47-9A8D-92437DD9E2D6}.Debug|Any CPU.ActiveCfg = Debug|Any CPU
		{C3D2BDED-F1DB-4D47-9A8D-92437DD9E2D6}.Debug|Any CPU.Build.0 = Debug|Any CPU
		{C3D2BDED-F1DB-4D47-9A8D-92437DD9E2D6}.Release|Any CPU.ActiveCfg = Release|Any CPU
		{C3D2BDED-F1DB-4D47-9A8D-92437DD9E2D6}.Release|Any CPU.Build.0 = Release|Any CPU
		{0C95E668-BFF4-4D59-9ED6-167D288D7154}.Debug|Any CPU.ActiveCfg = Debug|Any CPU
		{0C95E668-BFF4-4D59-9ED6-167D288D7154}.Debug|Any CPU.Build.0 = Debug|Any CPU
		{0C95E668-BFF4-4D59-9ED6-167D288D7154}.Release|Any CPU.ActiveCfg = Release|Any CPU
		{0C95E668-BFF4-4D59-9ED6-167D288D7154}.Release|Any CPU.Build.0 = Release|Any CPU
		{0ADEA798-BB54-4121-B30B-1DDEBE6E2C73}.Debug|Any CPU.ActiveCfg = Debug|Any CPU
		{0ADEA798-BB54-4121-B30B-1DDEBE6E2C73}.Debug|Any CPU.Build.0 = Debug|Any CPU
		{0ADEA798-BB54-4121-B30B-1DDEBE6E2C73}.Release|Any CPU.ActiveCfg = Release|Any CPU
		{0ADEA798-BB54-4121-B30B-1DDEBE6E2C73}.Release|Any CPU.Build.0 = Release|Any CPU
		{E64D40D3-E0D5-4016-9C57-8F7DEC36B84E}.Debug|Any CPU.ActiveCfg = Debug|Any CPU
		{E64D40D3-E0D5-4016-9C57-8F7DEC36B84E}.Debug|Any CPU.Build.0 = Debug|Any CPU
		{E64D40D3-E0D5-4016-9C57-8F7DEC36B84E}.Release|Any CPU.ActiveCfg = Release|Any CPU
		{E64D40D3-E0D5-4016-9C57-8F7DEC36B84E}.Release|Any CPU.Build.0 = Release|Any CPU
		{F9589C4A-67E9-4E8C-B2C0-3F87DBD837A3}.Debug|Any CPU.ActiveCfg = Debug|Any CPU
		{F9589C4A-67E9-4E8C-B2C0-3F87DBD837A3}.Debug|Any CPU.Build.0 = Debug|Any CPU
		{F9589C4A-67E9-4E8C-B2C0-3F87DBD837A3}.Release|Any CPU.ActiveCfg = Release|Any CPU
		{F9589C4A-67E9-4E8C-B2C0-3F87DBD837A3}.Release|Any CPU.Build.0 = Release|Any CPU
		{6EFC7EB3-F158-4FCF-A770-F5F9972F374F}.Debug|Any CPU.ActiveCfg = Debug|Any CPU
		{6EFC7EB3-F158-4FCF-A770-F5F9972F374F}.Debug|Any CPU.Build.0 = Debug|Any CPU
		{6EFC7EB3-F158-4FCF-A770-F5F9972F374F}.Release|Any CPU.ActiveCfg = Release|Any CPU
		{6EFC7EB3-F158-4FCF-A770-F5F9972F374F}.Release|Any CPU.Build.0 = Release|Any CPU
		{F5A069CF-32B1-4C2F-809F-A4919ADC8C66}.Debug|Any CPU.ActiveCfg = Debug|Any CPU
		{F5A069CF-32B1-4C2F-809F-A4919ADC8C66}.Debug|Any CPU.Build.0 = Debug|Any CPU
		{F5A069CF-32B1-4C2F-809F-A4919ADC8C66}.Release|Any CPU.ActiveCfg = Release|Any CPU
		{F5A069CF-32B1-4C2F-809F-A4919ADC8C66}.Release|Any CPU.Build.0 = Release|Any CPU
		{55C82107-F67B-4FBB-8241-031DFBE91C7F}.Debug|Any CPU.ActiveCfg = Debug|Any CPU
		{55C82107-F67B-4FBB-8241-031DFBE91C7F}.Debug|Any CPU.Build.0 = Debug|Any CPU
		{55C82107-F67B-4FBB-8241-031DFBE91C7F}.Release|Any CPU.ActiveCfg = Release|Any CPU
		{55C82107-F67B-4FBB-8241-031DFBE91C7F}.Release|Any CPU.Build.0 = Release|Any CPU
	EndGlobalSection
	GlobalSection(SolutionProperties) = preSolution
		HideSolutionNode = FALSE
	EndGlobalSection
	GlobalSection(ExtensibilityGlobals) = postSolution
		SolutionGuid = {BF95068C-20AE-403A-8803-C17C32C8309C}
	EndGlobalSection
EndGlobal
